
Microsoft Visual Studio Solution File, Format Version 12.00
# Visual Studio 2012
Project("{FAE04EC0-301F-11D3-BF4B-00C04F79EFBC}") = "Bluebeam", "Bluebeam.csproj", "{08275040-AF83-4CDC-A87C-1F89C50AE67E}"
EndProject
Project("{2150E333-8FDC-42A3-9474-1A3956D46DE8}") = ".nuget", ".nuget", "{1A41C9DA-A0B1-4B4B-9525-C4E02CD24CA9}"
	ProjectSection(SolutionItems) = preProject
		.nuget\NuGet.Config = .nuget\NuGet.Config
		.nuget\NuGet.exe = .nuget\NuGet.exe
		.nuget\NuGet.targets = .nuget\NuGet.targets
	EndProjectSection
EndProject
Global
	GlobalSection(SolutionConfigurationPlatforms) = preSolution
		Debug|Any CPU = Debug|Any CPU
		Release|Any CPU = Release|Any CPU
	EndGlobalSection
	GlobalSection(ProjectConfigurationPlatforms) = postSolution
		{08275040-AF83-4CDC-A87C-1F89C50AE67E}.Debug|Any CPU.ActiveCfg = Debug|Any CPU
		{08275040-AF83-4CDC-A87C-1F89C50AE67E}.Debug|Any CPU.Build.0 = Debug|Any CPU
		{08275040-AF83-4CDC-A87C-1F89C50AE67E}.Release|Any CPU.ActiveCfg = Release|Any CPU
		{08275040-AF83-4CDC-A87C-1F89C50AE67E}.Release|Any CPU.Build.0 = Release|Any CPU
	EndGlobalSection
	GlobalSection(SolutionProperties) = preSolution
		HideSolutionNode = FALSE
	EndGlobalSection
EndGlobal
